
Microsoft Visual Studio Solution File, Format Version 12.00
# Visual Studio 14
VisualStudioVersion = 14.0.25420.1
MinimumVisualStudioVersion = 10.0.40219.1
Project("{FAE04EC0-301F-11D3-BF4B-00C04F79EFBC}") = "HW04", "HW04\HW04.csproj", "{196A4F21-58A7-4D4A-AB5F-DB2DB6C924AB}"
EndProject
Global
	GlobalSection(SolutionConfigurationPlatforms) = preSolution
		Debug|Any CPU = Debug|Any CPU
		Release|Any CPU = Release|Any CPU
	EndGlobalSection
	GlobalSection(ProjectConfigurationPlatforms) = postSolution
		{196A4F21-58A7-4D4A-AB5F-DB2DB6C924AB}.Debug|Any CPU.ActiveCfg = Debug|Any CPU
		{196A4F21-58A7-4D4A-AB5F-DB2DB6C924AB}.Debug|Any CPU.Build.0 = Debug|Any CPU
		{196A4F21-58A7-4D4A-AB5F-DB2DB6C924AB}.Release|Any CPU.ActiveCfg = Release|Any CPU
		{196A4F21-58A7-4D4A-AB5F-DB2DB6C924AB}.Release|Any CPU.Build.0 = Release|Any CPU
	EndGlobalSection
	GlobalSection(SolutionProperties) = preSolution
		HideSolutionNode = FALSE
	EndGlobalSection
EndGlobal
