
Microsoft Visual Studio Solution File, Format Version 12.00
# Visual Studio 15
VisualStudioVersion = 15.0.28307.852
MinimumVisualStudioVersion = 10.0.40219.1
Project("{FAE04EC0-301F-11D3-BF4B-00C04F79EFBC}") = "ArrayExample2", "ArrayExample2\ArrayExample2.csproj", "{B199BF0F-E68C-46E5-95B5-FBFEC6AAB300}"
EndProject
Global
	GlobalSection(SolutionConfigurationPlatforms) = preSolution
		Debug|Any CPU = Debug|Any CPU
		Release|Any CPU = Release|Any CPU
	EndGlobalSection
	GlobalSection(ProjectConfigurationPlatforms) = postSolution
		{B199BF0F-E68C-46E5-95B5-FBFEC6AAB300}.Debug|Any CPU.ActiveCfg = Debug|Any CPU
		{B199BF0F-E68C-46E5-95B5-FBFEC6AAB300}.Debug|Any CPU.Build.0 = Debug|Any CPU
		{B199BF0F-E68C-46E5-95B5-FBFEC6AAB300}.Release|Any CPU.ActiveCfg = Release|Any CPU
		{B199BF0F-E68C-46E5-95B5-FBFEC6AAB300}.Release|Any CPU.Build.0 = Release|Any CPU
	EndGlobalSection
	GlobalSection(SolutionProperties) = preSolution
		HideSolutionNode = FALSE
	EndGlobalSection
	GlobalSection(ExtensibilityGlobals) = postSolution
		SolutionGuid = {6E5ED074-C04B-4225-8E51-484842579BA7}
	EndGlobalSection
EndGlobal
