
Microsoft Visual Studio Solution File, Format Version 12.00
# Visual Studio 15
VisualStudioVersion = 15.0.28307.852
MinimumVisualStudioVersion = 10.0.40219.1
Project("{FAE04EC0-301F-11D3-BF4B-00C04F79EFBC}") = "ResumeManager", "ResumeManager\ResumeManager.csproj", "{056F0A26-3C98-4B5B-9E78-FB4462B54051}"
EndProject
Global
	GlobalSection(SolutionConfigurationPlatforms) = preSolution
		Debug|Any CPU = Debug|Any CPU
		Release|Any CPU = Release|Any CPU
	EndGlobalSection
	GlobalSection(ProjectConfigurationPlatforms) = postSolution
		{056F0A26-3C98-4B5B-9E78-FB4462B54051}.Debug|Any CPU.ActiveCfg = Debug|Any CPU
		{056F0A26-3C98-4B5B-9E78-FB4462B54051}.Debug|Any CPU.Build.0 = Debug|Any CPU
		{056F0A26-3C98-4B5B-9E78-FB4462B54051}.Release|Any CPU.ActiveCfg = Release|Any CPU
		{056F0A26-3C98-4B5B-9E78-FB4462B54051}.Release|Any CPU.Build.0 = Release|Any CPU
	EndGlobalSection
	GlobalSection(SolutionProperties) = preSolution
		HideSolutionNode = FALSE
	EndGlobalSection
	GlobalSection(ExtensibilityGlobals) = postSolution
		SolutionGuid = {C372759F-475E-417E-9E6D-E7AA866B0225}
	EndGlobalSection
EndGlobal
